# This file is autogenerated, do not edit; changes may be undone by the next 'dep ensure'.


[[projects]]
  branch = "master"
  digest = "1:4b29f46d071b7be200c666a98f2f5d862321495336c96cdc6dd73cb3b6c81dd2"
  name = "github.com/dukfaar/goUtils"
  packages = [
    "env",
    "eventbus",
    "graphql",
    "http",
    "permission",
    "relay",
    "service",
  ]
  pruneopts = "UT"
  revision = "ee7335453f36d06768be72c75a7e54f70df26548"

[[projects]]
  branch = "master"
  digest = "1:c01ab91de887e7fcdb2f4187748527645342a7d8f5a4741e1cf9b49cfd93ee46"
  name = "github.com/dukfaar/itemBackend"
  packages = ["item"]
  pruneopts = "UT"
  revision = "0a630c5ad3dadee58aa022997fe11eef998cdb68"

[[projects]]
  branch = "master"
  digest = "1:4a0c6bb4805508a6287675fac876be2ac1182539ca8a32468d8128882e9d5009"
  name = "github.com/golang/snappy"
  packages = ["."]
  pruneopts = "UT"
  revision = "2e65f85255dbc3072edf28d6b5b8efc472979f5a"

[[projects]]
  digest = "1:43dd08a10854b2056e615d1b1d22ac94559d822e1f8b6fcc92c1a1057e85188e"
  name = "github.com/gorilla/websocket"
  packages = ["."]
  pruneopts = "UT"
  revision = "ea4d1f681babbce9545c9c5f3d5194a789c89f5b"
  version = "v1.2.0"

[[projects]]
  branch = "master"
  digest = "1:f6cc0e5c1c8716d1110b4a578d868d9c534cd4b575de3142b8061005acb4d382"
  name = "github.com/graph-gophers/graphql-go"
  packages = [
    ".",
    "errors",
    "internal/common",
    "internal/exec",
    "internal/exec/packer",
    "internal/exec/resolvable",
    "internal/exec/selected",
    "internal/query",
    "internal/schema",
    "internal/validation",
    "introspection",
    "log",
    "relay",
    "trace",
  ]
  pruneopts = "UT"
  revision = "bb9738501bd42a6536227b96068349b814379d6e"

[[projects]]
  digest = "1:bb48459ec76efe45f13094480296462ef5c9aaa56662918819b7a8fce3155b8b"
  name = "github.com/nsqio/go-nsq"
  packages = ["."]
  pruneopts = "UT"
  revision = "eee57a3ac4174c55924125bb15eeeda8cffb6e6f"
  version = "v1.0.7"

[[projects]]
  digest = "1:450b7623b185031f3a456801155c8320209f75d0d4c4e633c6b1e59d44d6e392"
  name = "github.com/opentracing/opentracing-go"
  packages = [
    ".",
    "ext",
    "log",
  ]
  pruneopts = "UT"
  revision = "1949ddbfd147afd4d964a9f00b24eb291e0e7c38"
  version = "v1.0.2"

[[projects]]
  branch = "master"
  digest = "1:76ee51c3f468493aff39dbacc401e8831fbb765104cbf613b89bef01cf4bad70"
  name = "golang.org/x/net"
  packages = ["context"]
  pruneopts = "UT"
  revision = "a680a1efc54dd51c040b3b5ce4939ea3cf2ea0d1"

[[projects]]
  branch = "v2"
  digest = "1:988de7520a09024d5d94cd99bd545afbf194893994ec759b1cda0a0bbb6adb80"
  name = "gopkg.in/mgo.v2"
  packages = [
    ".",
    "bson",
    "internal/json",
    "internal/sasl",
    "internal/scram",
  ]
  pruneopts = "UT"
  revision = "9856a29383ce1c59f308dd1cf0363a79b5bef6b5"

[solve-meta]
  analyzer-name = "dep"
  analyzer-version = 1
  input-imports = [
    "github.com/dukfaar/goUtils/env",
    "github.com/dukfaar/goUtils/eventbus",
    "github.com/dukfaar/goUtils/graphql",
    "github.com/dukfaar/goUtils/http",
    "github.com/dukfaar/goUtils/permission",
    "github.com/dukfaar/goUtils/relay",
    "github.com/dukfaar/itemBackend/item",
    "github.com/gorilla/websocket",
    "github.com/graph-gophers/graphql-go",
    "github.com/graph-gophers/graphql-go/relay",
    "gopkg.in/mgo.v2",
    "gopkg.in/mgo.v2/bson",
  ]
  solver-name = "gps-cdcl"
  solver-version = 1
